{
  "name": "ms-comms-tui",
  "version": "0.1.0",
  "lockfileVersion": 3,
  "requires": true,
  "packages": {
    "": {
      "name": "ms-comms-tui",
      "version": "0.1.0",
      "license": "MIT",
      "workspaces": [
        "packages/core",
        "packages/cli",
        "packages/provider-memory",
        "packages/provider-rss",
        "packages/provider-github",
        "packages/provider-graph",
        "packages/provider-ado",
        "packages/provider-exec"
      ],
      "devDependencies": {
        "@types/node": "^22.10.2",
        "typescript": "^5.7.2"
      },
      "engines": {
        "node": ">=20.11.0"
      }
    },
    "node_modules/@libsql/client": {
      "version": "0.17.4",
      "resolved": "https://ms-feed-2.pkgs.visualstudio.com/1es-public/_packaging/npm-public/npm/registry/@libsql/client/-/client-0.17.4.tgz",
      "integrity": "sha1-NBxkkTh1p6GVIRsvLDQYo8t625Y=",
      "license": "MIT",
      "dependencies": {
        "@libsql/core": "^0.17.4",
        "@libsql/hrana-client": "^0.10.0",
        "js-base64": "^3.7.5",
        "libsql": "^0.5.28",
        "promise-limit": "^2.7.0"
      }
    },
    "node_modules/@libsql/core": {
      "version": "0.17.4",
      "resolved": "https://ms-feed-25.pkgs.visualstudio.com/1es-public/_packaging/npm-public/npm/registry/@libsql/core/-/core-0.17.4.tgz",
      "integrity": "sha1-L5cu/5rLip0uZQztZkIzQ2qbTsY=",
      "license": "MIT",
      "dependencies": {
        "js-base64": "^3.7.5"
      }
    },
    "node_modules/@libsql/darwin-arm64": {
      "version": "0.5.29",
      "resolved": "https://ms-feed-17.pkgs.visualstudio.com/1es-public/_packaging/npm-public/npm/registry/@libsql/darwin-arm64/-/darwin-arm64-0.5.29.tgz",
      "integrity": "sha1-7iuCQiLscVTEubxPYSEyFNYt2lI=",
      "cpu": [
        "arm64"
      ],
      "license": "MIT",
      "optional": true,
      "os": [
        "darwin"
      ]
    },
    "node_modules/@libsql/darwin-x64": {
      "version": "0.5.29",
      "resolved": "https://ms-feed-17.pkgs.visualstudio.com/1es-public/_packaging/npm-public/npm/registry/@libsql/darwin-x64/-/darwin-x64-0.5.29.tgz",
      "integrity": "sha1-iA1XdijmNotM+o2BknmILb6jlec=",
      "cpu": [
        "x64"
      ],
      "license": "MIT",
      "optional": true,
      "os": [
        "darwin"
      ]
    },
    "node_modules/@libsql/hrana-client": {
      "version": "0.10.0",
      "resolved": "https://ms-feed-12.pkgs.visualstudio.com/1es-public/_packaging/npm-public/npm/registry/@libsql/hrana-client/-/hrana-client-0.10.0.tgz",
      "integrity": "sha1-lio/xBOnxYgMbV0FE/HTrDGCJOw=",
      "license": "MIT",
      "dependencies": {
        "@libsql/isomorphic-ws": "^0.1.5",
        "js-base64": "^3.7.5"
      }
    },
    "node_modules/@libsql/isomorphic-ws": {
      "version": "0.1.5",
      "resolved": "https://ms-feed-17.pkgs.visualstudio.com/1es-public/_packaging/npm-public/npm/registry/@libsql/isomorphic-ws/-/isomorphic-ws-0.1.5.tgz",
      "integrity": "sha1-4tH6+WW6DzvpMB+/VkAWTQPE5gY=",
      "license": "MIT",
      "dependencies": {
        "@types/ws": "^8.5.4",
        "ws": "^8.13.0"
      }
    },
    "node_modules/@libsql/linux-arm-gnueabihf": {
      "version": "0.5.29",
      "resolved": "https://ms-feed-2.pkgs.visualstudio.com/1es-public/_packaging/npm-public/npm/registry/@libsql/linux-arm-gnueabihf/-/linux-arm-gnueabihf-0.5.29.tgz",
      "integrity": "sha1-Y21uCfYJt5CjArQGpJ2s7JnnDso=",
      "cpu": [
        "arm"
      ],
      "license": "MIT",
      "optional": true,
      "os": [
        "linux"
      ]
    },
    "node_modules/@libsql/linux-arm-musleabihf": {
      "version": "0.5.29",
      "resolved": "https://ms-feed-2.pkgs.visualstudio.com/1es-public/_packaging/npm-public/npm/registry/@libsql/linux-arm-musleabihf/-/linux-arm-musleabihf-0.5.29.tgz",
      "integrity": "sha1-cVjvfy9NDaUbkLhVdTczorOuV2U=",
      "cpu": [
        "arm"
      ],
      "license": "MIT",
      "optional": true,
      "os": [
        "linux"
      ]
    },
    "node_modules/@libsql/linux-arm64-gnu": {
      "version": "0.5.29",
      "resolved": "https://ms-feed-2.pkgs.visualstudio.com/1es-public/_packaging/npm-public/npm/registry/@libsql/linux-arm64-gnu/-/linux-arm64-gnu-0.5.29.tgz",
      "integrity": "sha1-k9bfUlvyRIhiJdf5u/i7gszDbq8=",
      "cpu": [
        "arm64"
      ],
      "license": "MIT",
      "optional": true,
      "os": [
        "linux"
      ]
    },
    "node_modules/@libsql/linux-arm64-musl": {
      "version": "0.5.29",
      "resolved": "https://ms-feed-17.pkgs.visualstudio.com/1es-public/_packaging/npm-public/npm/registry/@libsql/linux-arm64-musl/-/linux-arm64-musl-0.5.29.tgz",
      "integrity": "sha1-OI/hXrZe+hAfKuy4h05o3VEnqbs=",
      "cpu": [
        "arm64"
      ],
      "license": "MIT",
      "optional": true,
      "os": [
        "linux"
      ]
    },
    "node_modules/@libsql/linux-x64-gnu": {
      "version": "0.5.29",
      "resolved": "https://ms-feed-2.pkgs.visualstudio.com/1es-public/_packaging/npm-public/npm/registry/@libsql/linux-x64-gnu/-/linux-x64-gnu-0.5.29.tgz",
      "integrity": "sha1-MbErvelcmZDl+03ftv9pAn09BBw=",
      "cpu": [
        "x64"
      ],
      "license": "MIT",
      "optional": true,
      "os": [
        "linux"
      ]
    },
    "node_modules/@libsql/linux-x64-musl": {
      "version": "0.5.29",
      "resolved": "https://ms-feed-2.pkgs.visualstudio.com/1es-public/_packaging/npm-public/npm/registry/@libsql/linux-x64-musl/-/linux-x64-musl-0.5.29.tgz",
      "integrity": "sha1-DN7S3GRW+6dhZzVbpRlwhCOCBNs=",
      "cpu": [
        "x64"
      ],
      "license": "MIT",
      "optional": true,
      "os": [
        "linux"
      ]
    },
    "node_modules/@libsql/win32-x64-msvc": {
      "version": "0.5.29",
      "resolved": "https://ms-feed-2.pkgs.visualstudio.com/1es-public/_packaging/npm-public/npm/registry/@libsql/win32-x64-msvc/-/win32-x64-msvc-0.5.29.tgz",
      "integrity": "sha1-shP+BKy6CZCQOqXvZruSC5o/6bs=",
      "cpu": [
        "x64"
      ],
      "license": "MIT",
      "optional": true,
      "os": [
        "win32"
      ]
    },
    "node_modules/@mscomms/cli": {
      "resolved": "packages/cli",
      "link": true
    },
    "node_modules/@mscomms/core": {
      "resolved": "packages/core",
      "link": true
    },
    "node_modules/@mscomms/provider-ado": {
      "resolved": "packages/provider-ado",
      "link": true
    },
    "node_modules/@mscomms/provider-exec": {
      "resolved": "packages/provider-exec",
      "link": true
    },
    "node_modules/@mscomms/provider-github": {
      "resolved": "packages/provider-github",
      "link": true
    },
    "node_modules/@mscomms/provider-graph": {
      "resolved": "packages/provider-graph",
      "link": true
    },
    "node_modules/@mscomms/provider-memory": {
      "resolved": "packages/provider-memory",
      "link": true
    },
    "node_modules/@mscomms/provider-rss": {
      "resolved": "packages/provider-rss",
      "link": true
    },
    "node_modules/@neon-rs/load": {
      "version": "0.0.4",
      "resolved": "https://ms-feed-12.pkgs.visualstudio.com/1es-public/_packaging/npm-public/npm/registry/@neon-rs/load/-/load-0.0.4.tgz",
      "integrity": "sha1-Kioyksbx/vBD9JiGcS08lqVHUy4=",
      "license": "MIT"
    },
    "node_modules/@types/node": {
      "version": "22.20.1",
      "resolved": "https://ms-feed-2.pkgs.visualstudio.com/1es-public/_packaging/npm-public/npm/registry/@types/node/-/node-22.20.1.tgz",
      "integrity": "sha1-hOfN9jzaogwTSqMXzMkBqiHhbw4=",
      "license": "MIT",
      "dependencies": {
        "undici-types": "~6.21.0"
      }
    },
    "node_modules/@types/ws": {
      "version": "8.18.1",
      "resolved": "https://ms-feed-12.pkgs.visualstudio.com/1es-public/_packaging/npm-public/npm/registry/@types/ws/-/ws-8.18.1.tgz",
      "integrity": "sha1-SEZOS/Ld/RfbE9hFRn9gcP/qSqk=",
      "license": "MIT",
      "dependencies": {
        "@types/node": "*"
      }
    },
    "node_modules/detect-libc": {
      "version": "2.0.2",
      "resolved": "https://ms-feed-12.pkgs.visualstudio.com/1es-public/_packaging/npm-public/npm/registry/detect-libc/-/detect-libc-2.0.2.tgz",
      "integrity": "sha1-jM8rqTFTUOEkG4jQrDsOH72ZYF0=",
      "license": "Apache-2.0",
      "engines": {
        "node": ">=8"
      }
    },
    "node_modules/js-base64": {
      "version": "3.9.2",
      "resolved": "https://ms-feed-17.pkgs.visualstudio.com/1es-public/_packaging/npm-public/npm/registry/js-base64/-/js-base64-3.9.2.tgz",
      "integrity": "sha1-5AFRt4920ylDQO27ebIxuoIZO6E=",
      "license": "BSD-3-Clause"
    },
    "node_modules/libsql": {
      "version": "0.5.29",
      "resolved": "https://ms-feed-12.pkgs.visualstudio.com/1es-public/_packaging/npm-public/npm/registry/libsql/-/libsql-0.5.29.tgz",
      "integrity": "sha1-HlMV7cqATdWs4b+Ru3Xz7Nz7WyQ=",
      "cpu": [
        "x64",
        "arm64",
        "wasm32",
        "arm"
      ],
      "license": "MIT",
      "os": [
        "darwin",
        "linux",
        "win32"
      ],
      "dependencies": {
        "@neon-rs/load": "^0.0.4",
        "detect-libc": "2.0.2"
      },
      "optionalDependencies": {
        "@libsql/darwin-arm64": "0.5.29",
        "@libsql/darwin-x64": "0.5.29",
        "@libsql/linux-arm-gnueabihf": "0.5.29",
        "@libsql/linux-arm-musleabihf": "0.5.29",
        "@libsql/linux-arm64-gnu": "0.5.29",
        "@libsql/linux-arm64-musl": "0.5.29",
        "@libsql/linux-x64-gnu": "0.5.29",
        "@libsql/linux-x64-musl": "0.5.29",
        "@libsql/win32-x64-msvc": "0.5.29"
      }
    },
    "node_modules/promise-limit": {
      "version": "2.7.0",
      "resolved": "https://ms-feed-2.pkgs.visualstudio.com/1es-public/_packaging/npm-public/npm/registry/promise-limit/-/promise-limit-2.7.0.tgz",
      "integrity": "sha1-61c3wzNCoDDq6uzqmz06k8tZKyY=",
      "license": "ISC"
    },
    "node_modules/typescript": {
      "version": "5.9.3",
      "resolved": "https://ms-feed-17.pkgs.visualstudio.com/1es-public/_packaging/npm-public/npm/registry/typescript/-/typescript-5.9.3.tgz",
      "integrity": "sha1-W09Z4VMQqxeiFvXWz1PuR27eZw8=",
      "dev": true,
      "license": "Apache-2.0",
      "bin": {
        "tsc": "bin/tsc",
        "tsserver": "bin/tsserver"
      },
      "engines": {
        "node": ">=14.17"
      }
    },
    "node_modules/undici-types": {
      "version": "6.21.0",
      "resolved": "https://ms-feed-25.pkgs.visualstudio.com/1es-public/_packaging/npm-public/npm/registry/undici-types/-/undici-types-6.21.0.tgz",
      "integrity": "sha1-aR0ArzkJvpOn+qE75hs6W1DvEss=",
      "license": "MIT"
    },
    "node_modules/ws": {
      "version": "8.21.2",
      "resolved": "https://ms-feed-12.pkgs.visualstudio.com/1es-public/_packaging/npm-public/npm/registry/ws/-/ws-8.21.2.tgz",
      "integrity": "sha1-5pds/pYWHUBCBoml8FE3jRGw8M4=",
      "license": "MIT",
      "engines": {
        "node": ">=10.0.0"
      },
      "peerDependencies": {
        "bufferutil": "^4.0.1",
        "utf-8-validate": ">=5.0.2"
      },
      "peerDependenciesMeta": {
        "bufferutil": {
          "optional": true
        },
        "utf-8-validate": {
          "optional": true
        }
      }
    },
    "packages/cli": {
      "name": "@mscomms/cli",
      "version": "0.1.0",
      "license": "MIT",
      "dependencies": {
        "@mscomms/core": "0.1.0",
        "@mscomms/provider-ado": "0.1.0",
        "@mscomms/provider-exec": "0.1.0",
        "@mscomms/provider-github": "0.1.0",
        "@mscomms/provider-graph": "0.1.0",
        "@mscomms/provider-memory": "0.1.0",
        "@mscomms/provider-rss": "0.1.0"
      },
      "bin": {
        "mscomms": "dist/bin.js",
        "msh": "dist/bin.js"
      }
    },
    "packages/core": {
      "name": "@mscomms/core",
      "version": "0.1.0",
      "license": "MIT",
      "dependencies": {
        "@libsql/client": "^0.17.4"
      }
    },
    "packages/provider-ado": {
      "name": "@mscomms/provider-ado",
      "version": "0.1.0",
      "license": "MIT",
      "dependencies": {
        "@mscomms/core": "0.1.0",
        "@mscomms/provider-graph": "0.1.0"
      }
    },
    "packages/provider-exec": {
      "name": "@mscomms/provider-exec",
      "version": "0.1.0",
      "license": "MIT",
      "dependencies": {
        "@mscomms/core": "0.1.0"
      }
    },
    "packages/provider-github": {
      "name": "@mscomms/provider-github",
      "version": "0.1.0",
      "license": "MIT",
      "dependencies": {
        "@mscomms/core": "0.1.0"
      }
    },
    "packages/provider-graph": {
      "name": "@mscomms/provider-graph",
      "version": "0.1.0",
      "dependencies": {
        "@mscomms/core": "0.1.0"
      }
    },
    "packages/provider-memory": {
      "name": "@mscomms/provider-memory",
      "version": "0.1.0",
      "license": "MIT",
      "dependencies": {
        "@mscomms/core": "0.1.0"
      }
    },
    "packages/provider-rss": {
      "name": "@mscomms/provider-rss",
      "version": "0.1.0",
      "license": "MIT",
      "dependencies": {
        "@mscomms/core": "0.1.0"
      }
    }
  }
}
